
Microsoft Visual Studio Solution File, Format Version 12.00
# Visual Studio 14
VisualStudioVersion = 14.0.23107.0
MinimumVisualStudioVersion = 10.0.40219.1
Project("{FAE04EC0-301F-11D3-BF4B-00C04F79EFBC}") = "TesteWaveMarcello", "TesteWaveMarcello\TesteWaveMarcello.csproj", "{806ECE1F-CE50-4BDB-A63D-03D5DF9AF1F6}"
EndProject
Project("{FAE04EC0-301F-11D3-BF4B-00C04F79EFBC}") = "TesteWave.Domain", "TesteWave.Domain\TesteWave.Domain.csproj", "{A9C718EC-D3FF-4D1E-800E-602BC231BB6F}"
EndProject
Project("{FAE04EC0-301F-11D3-BF4B-00C04F79EFBC}") = "TesteWaveMarcello.Infra", "TesteWaveMarcello.Infra\TesteWaveMarcello.Infra.csproj", "{F3D7BE0C-781D-481D-8AC6-AACCC92F1CCF}"
EndProject
Global
	GlobalSection(SolutionConfigurationPlatforms) = preSolution
		Debug|Any CPU = Debug|Any CPU
		Release|Any CPU = Release|Any CPU
	EndGlobalSection
	GlobalSection(ProjectConfigurationPlatforms) = postSolution
		{806ECE1F-CE50-4BDB-A63D-03D5DF9AF1F6}.Debug|Any CPU.ActiveCfg = Debug|Any CPU
		{806ECE1F-CE50-4BDB-A63D-03D5DF9AF1F6}.Debug|Any CPU.Build.0 = Debug|Any CPU
		{806ECE1F-CE50-4BDB-A63D-03D5DF9AF1F6}.Release|Any CPU.ActiveCfg = Release|Any CPU
		{806ECE1F-CE50-4BDB-A63D-03D5DF9AF1F6}.Release|Any CPU.Build.0 = Release|Any CPU
		{A9C718EC-D3FF-4D1E-800E-602BC231BB6F}.Debug|Any CPU.ActiveCfg = Debug|Any CPU
		{A9C718EC-D3FF-4D1E-800E-602BC231BB6F}.Debug|Any CPU.Build.0 = Debug|Any CPU
		{A9C718EC-D3FF-4D1E-800E-602BC231BB6F}.Release|Any CPU.ActiveCfg = Release|Any CPU
		{A9C718EC-D3FF-4D1E-800E-602BC231BB6F}.Release|Any CPU.Build.0 = Release|Any CPU
		{F3D7BE0C-781D-481D-8AC6-AACCC92F1CCF}.Debug|Any CPU.ActiveCfg = Debug|Any CPU
		{F3D7BE0C-781D-481D-8AC6-AACCC92F1CCF}.Debug|Any CPU.Build.0 = Debug|Any CPU
		{F3D7BE0C-781D-481D-8AC6-AACCC92F1CCF}.Release|Any CPU.ActiveCfg = Release|Any CPU
		{F3D7BE0C-781D-481D-8AC6-AACCC92F1CCF}.Release|Any CPU.Build.0 = Release|Any CPU
	EndGlobalSection
	GlobalSection(SolutionProperties) = preSolution
		HideSolutionNode = FALSE
	EndGlobalSection
EndGlobal
